github.com/davecgh/go-spew v1.1.1 h1:U7EC8pBd9x5+UckYPi4BFd56cZ6+kOaZ54hF2m93FSE=
github.com/davecgh/go-spew v1.1.1/go.mod h1:0bHFBG/Fx5A2V3iPHM2ZAn7HZEm5lUF9hskK0dM2qUk=
github.com/fatih/color v1.17.0 h1:nPE82/yQCy9Op4MI59qZ1oD22Ls7+6pIs0L5Ym41l64=
github.com/fatih/color v1.17.0/go.mod h1:f3dTLKoyIj5/lNWxAn36Mw2tRYA7M1EPlQbQ38LB2W0=
github.com/fsnotify/fsnotify v1.6.0 h1:RaS2r+5By4w2H2ztMiPjAdo/gHhLkFkMzA2QxXwRSbA=
github.com/fsnotify/fsnotify v1.6.0/go.mod h1:k7wxSNTmt5ak7t5FBc3p9A5ZX1H1VOTDLqUB3PkO/so=
github.com/go-logr/logr v1.2.4 h1:0QiRnwJ1B+F1ckH7moDqV/6bE2R3HtDd12YQZmsHzDw=
github.com/go-logr/logr v1.2.4/go.mod h1:ABZhTj0J3NkTAiIVuI4PblpESXK7b0wMO+gfp8YoLSU=
github.com/goccy/go-json v0.9.11 h1:8mEwtxGWhZWoHt16FRYQy6wF38pU2gh8oA7xlTQqlIY=
github.com/goccy/go-json v0.9.11/go.mod h1:43n2Pvn0gIFg2k85qXJ3fP2bO8BJn4WCKgMi0pe5wFg=
github.com/gogo/protobuf v1.3.2 h1:MBJaf9WQ78t3kRaO/mrUQQk4Ygt2y7S1UBGoefD7Iho=
github.com/gogo/protobuf v1.3.2/go.mod h1:flDK88aFMFxXoM3H5sF3GknOwtfWJp6IHg8h3fQXY9s=
github.com/golang/protobuf v1.5.4 h1:K2UDZs5Z4AfBDccFV+nWGeL6dbfHNHdBWl+5MN8eRNY=
github.com/golang/protobuf v1.5.4/go.mod h1:dUvD9ZjyoTtS33B10N3VntoIfZcQmQ3K37wmv0+f1h0=
github.com/google/gofuzz v1.2.0 h1:ObbeBaq9q33s3IdlsnLqnpfNOdWOfmUAw5wIHV0B62Y=
github.com/google/gofuzz v1.2.0/go.mod h1:63I6KrzGqZh8oI1qf0m4Vt66lQzTClHcPV9jY3GGUOM=
github.com/google/uuid v1.6.0 h1:ZpTYnY0hUQQGmSM6kaI3O8I3F6wTxV3Ue7nZ9fiK74M=
github.com/google/uuid v1.6.0/go.mod h1:iGROHUtgMBN5RWGVzHhIYcA4OMNTDp+c8dmNQu7/68g=
github.com/hashicorp/errwrap v1.0.0 h1:Nx7zIFlWGB15PeTSdJ1NQWr56FlB3V8cJH10YYWyQTo=
github.com/hashicorp/errwrap v1.0.0/go.mod h1:mCE+0FYg6F8KwTUmqFKp4TcVnWQq2Qx7lC/lW7wI0rE=
github.com/hashicorp/go-hclog v1.6.3 h1:8DUfN40XYlA6uh7/Ssp5mWY2d+oa3FFk/IEkWw4CkdA=
github.com/hashicorp/go-hclog v1.6.3/go.mod h1:y4PggMZkiK5FLDzz+UJnTO4K8fiY0jFLfxSYjx1dpbg=
github.com/hashicorp/go-multierror v1.1.1 h1:hRqs0F1D93VdDmp03M0UtjDYPHDi9RntLu3Y3StkgUw=
github.com/hashicorp/go-multierror v1.1.1/go.mod h1:22h/ndS5w3U97P1qQKl1EjWJOD/2c5n2+DJxFZK1KmI=
github.com/hashicorp/hcl v1.0.0 h1:8F51C3WsWckvFwJ4D0VOO7RLsN1aAwBdoFgy0Dg0SNo=
github.com/hashicorp/hcl v1.0.0/go.mod h1:3hF7PBBzXj5Klq5Zz1Ue3S/JWoBLgPCOAd3yefI8CVs=
github.com/hashicorp/yamux v0.1.1 h1:eVsqP9CskUKH5yR5wMVoBPZDOxClJHiXog95L8lboIo=
github.com/hashicorp/yamux v0.1.1/go.mod h1:xw/TC/a4OfcXq98fsTTBUh8F8Z/Tp2ptZIH0gXK+Q3g=
github.com/json-iterator/go v1.1.12 h1:Qm6jM6KeM/KMR6v5j3n3AVtSzpyiy09VG6SVyMvKyRQ=
github.com/json-iterator/go v1.1.12/go.mod h1:y2fgUBwC8c7FfPU8F3zMY5J/Uc0b8D8HLU4dYVaf9wE=
github.com/magiconair/properties v1.8.5 h1:qbFj8u7sc9bbgN3dA9kN6mEIlzKFCDeBB1o5a3h+ZC0=
github.com/magiconair/properties v1.8.5/go.mod h1:PT+3XOwFAKDHPGNVChIh0Y1QQx3WJfnxTBymxBu21m4=
github.com/mattn/go-colorable v0.1.13 h1:TT1HDZ4Vlj6zHcHSzW8WgL8NmMywIhKufVxhKwr44R4=
github.com/mattn/go-colorable v0.1.13/go.mod h1:1qxWHEhMEE/ilxvH2UdB5PVwPAzC7bN3AwR8QoMjU78=
github.com/mattn/go-isatty v0.0.20 h1:YoZTX3Xr0HPhHI9wkkCiAmf2p2SSApKZs5wiC2k2NI4=
github.com/mattn/go-isatty v0.0.20/go.mod h1:7q1lxzFbH8QQox0b3fhlw3BBNL8GhR1gDkeR6MPlZZE=
github.com/mitchellh/go-testing-interface v1.14.1 h1:TRfUuUkU4s0z5mtI8Y5udn8lOpNMMn6hFFCyLUx0HUI=
github.com/mitchellh/go-testing-interface v1.14.1/go.mod h1:6fYlxGVf90sRj6fXf13cxt4WzUqPOU8nAh6QLKnzPmA=
github.com/mitchellh/mapstructure v1.5.0 h1:L6wFSWIZP0kXyVKbYxi9ghMbyD8B9upk32B/EdPwv88=
github.com/mit
